// !$*UTF8*$!
{
	archiveVersion = 1;
	classes = {
	};
	objectVersion = 50;
	objects = {

/* Begin PBXBuildFile section */
		0F011D772635CF2D00AB7889 /* AppDelegate.swift in Sources */ = {isa = PBXBuildFile; fileRef = 0F011D762635CF2D00AB7889 /* AppDelegate.swift */; };
		0F011D792635CF2D00AB7889 /* SceneDelegate.swift in Sources */ = {isa = PBXBuildFile; fileRef = 0F011D782635CF2D00AB7889 /* SceneDelegate.swift */; };
		0F011D7B2635CF2D00AB7889 /* ViewController.swift in Sources */ = {isa = PBXBuildFile; fileRef = 0F011D7A2635CF2D00AB7889 /* ViewController.swift */; };
		0F011D7E2635CF2D00AB7889 /* Main.storyboard in Resources */ = {isa = PBXBuildFile; fileRef = 0F011D7C2635CF2D00AB7889 /* Main.storyboard */; };
		0F011D802635CF3200AB7889 /* Assets.xcassets in Resources */ = {isa = PBXBuildFile; fileRef = 0F011D7F2635CF3200AB7889 /* Assets.xcassets */; };
		0F011D832635CF3200AB7889 /* LaunchScreen.storyboard in Resources */ = {isa = PBXBuildFile; fileRef = 0F011D812635CF3200AB7889 /* LaunchScreen.storyboard */; };
		0F011D8E2635CF3300AB7889 /* GloboPlayTests.swift in Sources */ = {isa = PBXBuildFile; fileRef = 0F011D8D2635CF3300AB7889 /* GloboPlayTests.swift */; };
		0F011D992635CF3300AB7889 /* GloboPlayUITests.swift in Sources */ = {isa = PBXBuildFile; fileRef = 0F011D982635CF3300AB7889 /* GloboPlayUITests.swift */; };
		0F011DC02635DE7E00AB7889 /* Home.swift in Sources */ = {isa = PBXBuildFile; fileRef = 0F011DBF2635DE7E00AB7889 /* Home.swift */; };
		0F011DC52635DEA000AB7889 /* List.swift in Sources */ = {isa = PBXBuildFile; fileRef = 0F011DC42635DEA000AB7889 /* List.swift */; };
		0F011DD62635E16600AB7889 /* Localizable.strings in Resources */ = {isa = PBXBuildFile; fileRef = 0F011DD82635E16600AB7889 /* Localizable.strings */; };
		0F011DE12635FA9000AB7889 /* Constants.swift in Sources */ = {isa = PBXBuildFile; fileRef = 0F011DE02635FA9000AB7889 /* Constants.swift */; };
/* End PBXBuildFile section */

/* Begin PBXContainerItemProxy section */
		0F011D8A2635CF3300AB7889 /* PBXContainerItemProxy */ = {
			isa = PBXContainerItemProxy;
			containerPortal = 0F011D6B2635CF2D00AB7889 /* Project object */;
			proxyType = 1;
			remoteGlobalIDString = 0F011D722635CF2D00AB7889;
			remoteInfo = GloboPlay;
		};
		0F011D952635CF3300AB7889 /* PBXContainerItemProxy */ = {
			isa = PBXContainerItemProxy;
			containerPortal = 0F011D6B2635CF2D00AB7889 /* Project object */;
			proxyType = 1;
			remoteGlobalIDString = 0F011D722635CF2D00AB7889;
			remoteInfo = GloboPlay;
		};
/* End PBXContainerItemProxy section */

/* Begin PBXFileReference section */
		0F011D732635CF2D00AB7889 /* GloboPlay.app */ = {isa = PBXFileReference; explicitFileType = wrapper.application; includeInIndex = 0; path = GloboPlay.app; sourceTree = BUILT_PRODUCTS_DIR; };
		0F011D762635CF2D00AB7889 /* AppDelegate.swift */ = {isa = PBXFileReference; lastKnownFileType = sourcecode.swift; path = AppDelegate.swift; sourceTree = "<group>"; };
		0F011D782635CF2D00AB7889 /* SceneDelegate.swift */ = {isa = PBXFileReference; lastKnownFileType = sourcecode.swift; path = SceneDelegate.swift; sourceTree = "<group>"; };
		0F011D7A2635CF2D00AB7889 /* ViewController.swift */ = {isa = PBXFileReference; lastKnownFileType = sourcecode.swift; path = ViewController.swift; sourceTree = "<group>"; };
		0F011D7D2635CF2D00AB7889 /* Base */ = {isa = PBXFileReference; lastKnownFileType = file.storyboard; name = Base; path = Base.lproj/Main.storyboard; sourceTree = "<group>"; };
		0F011D7F2635CF3200AB7889 /* Assets.xcassets */ = {isa = PBXFileReference; lastKnownFileType = folder.assetcatalog; path = Assets.xcassets; sourceTree = "<group>"; };
		0F011D822635CF3200AB7889 /* Base */ = {isa = PBXFileReference; lastKnownFileType = file.storyboard; name = Base; path = Base.lproj/LaunchScreen.storyboard; sourceTree = "<group>"; };
		0F011D842635CF3200AB7889 /* Info.plist */ = {isa = PBXFileReference; lastKnownFileType = text.plist.xml; path = Info.plist; sourceTree = "<group>"; };
		0F011D892635CF3300AB7889 /* GloboPlayTests.xctest */ = {isa = PBXFileReference; explicitFileType = wrapper.cfbundle; includeInIndex = 0; path = GloboPlayTests.xctest; sourceTree = BUILT_PRODUCTS_DIR; };
		0F011D8D2635CF3300AB7889 /* GloboPlayTests.swift */ = {isa = PBXFileReference; lastKnownFileType = sourcecode.swift; path = GloboPlayTests.swift; sourceTree = "<group>"; };
		0F011D8F2635CF3300AB7889 /* Info.plist */ = {isa = PBXFileReference; lastKnownFileType = text.plist.xml; path = Info.plist; sourceTree = "<group>"; };
		0F011D942635CF3300AB7889 /* GloboPlayUITests.xctest */ = {isa = PBXFileReference; explicitFileType = wrapper.cfbundle; includeInIndex = 0; path = GloboPlayUITests.xctest; sourceTree = BUILT_PRODUCTS_DIR; };
		0F011D982635CF3300AB7889 /* GloboPlayUITests.swift */ = {isa = PBXFileReference; lastKnownFileType = sourcecode.swift; path = GloboPlayUITests.swift; sourceTree = "<group>"; };
		0F011D9A2635CF3300AB7889 /* Info.plist */ = {isa = PBXFileReference; lastKnownFileType = text.plist.xml; path = Info.plist; sourceTree = "<group>"; };
		0F011DBF2635DE7E00AB7889 /* Home.swift */ = {isa = PBXFileReference; lastKnownFileType = sourcecode.swift; path = Home.swift; sourceTree = "<group>"; };
		0F011DC42635DEA000AB7889 /* List.swift */ = {isa = PBXFileReference; lastKnownFileType = sourcecode.swift; path = List.swift; sourceTree = "<group>"; };
		0F011DC92635E0F300AB7889 /* pt-BR */ = {isa = PBXFileReference; lastKnownFileType = text.plist.strings; name = "pt-BR"; path = "pt-BR.lproj/Main.strings"; sourceTree = "<group>"; };
		0F011DCD2635E0F400AB7889 /* pt-BR */ = {isa = PBXFileReference; lastKnownFileType = text.plist.strings; name = "pt-BR"; path = "pt-BR.lproj/LaunchScreen.strings"; sourceTree = "<group>"; };
		0F011DD72635E16600AB7889 /* en */ = {isa = PBXFileReference; lastKnownFileType = text.plist.strings; name = en; path = en.lproj/Localizable.strings; sourceTree = "<group>"; };
		0F011DDC2635E16E00AB7889 /* pt-BR */ = {isa = PBXFileReference; lastKnownFileType = text.plist.strings; name = "pt-BR"; path = "pt-BR.lproj/Localizable.strings"; sourceTree = "<group>"; };
		0F011DE02635FA9000AB7889 /* Constants.swift */ = {isa = PBXFileReference; lastKnownFileType = sourcecode.swift; path = Constants.swift; sourceTree = "<group>"; };
/* End PBXFileReference section */

/* Begin PBXFrameworksBuildPhase section */
		0F011D702635CF2D00AB7889 /* Frameworks */ = {
			isa = PBXFrameworksBuildPhase;
			buildActionMask = 2147483647;
			files = (
			);
			runOnlyForDeploymentPostprocessing = 0;
		};
		0F011D862635CF3300AB7889 /* Frameworks */ = {
			isa = PBXFrameworksBuildPhase;
			buildActionMask = 2147483647;
			files = (
			);
			runOnlyForDeploymentPostprocessing = 0;
		};
		0F011D912635CF3300AB7889 /* Frameworks */ = {
			isa = PBXFrameworksBuildPhase;
			buildActionMask = 2147483647;
			files = (
			);
			runOnlyForDeploymentPostprocessing = 0;
		};
/* End PBXFrameworksBuildPhase section */

/* Begin PBXGroup section */
		0F011D6A2635CF2D00AB7889 = {
			isa = PBXGroup;
			children = (
				0F011D752635CF2D00AB7889 /* GloboPlay */,
				0F011D8C2635CF3300AB7889 /* GloboPlayTests */,
				0F011D972635CF3300AB7889 /* GloboPlayUITests */,
				0F011D742635CF2D00AB7889 /* Products */,
			);
			sourceTree = "<group>";
		};
		0F011D742635CF2D00AB7889 /* Products */ = {
			isa = PBXGroup;
			children = (
				0F011D732635CF2D00AB7889 /* GloboPlay.app */,
				0F011D892635CF3300AB7889 /* GloboPlayTests.xctest */,
				0F011D942635CF3300AB7889 /* GloboPlayUITests.xctest */,
			);
			name = Products;
			sourceTree = "<group>";
		};
		0F011D752635CF2D00AB7889 /* GloboPlay */ = {
			isa = PBXGroup;
			children = (
				0F011DBB2635DCAB00AB7889 /* View */,
				0F011D762635CF2D00AB7889 /* AppDelegate.swift */,
				0F011D782635CF2D00AB7889 /* SceneDelegate.swift */,
				0F011D7A2635CF2D00AB7889 /* ViewController.swift */,
				0F011D7C2635CF2D00AB7889 /* Main.storyboard */,
				0F011D7F2635CF3200AB7889 /* Assets.xcassets */,
				0F011D812635CF3200AB7889 /* LaunchScreen.storyboard */,
				0F011D842635CF3200AB7889 /* Info.plist */,
				0F011DD82635E16600AB7889 /* Localizable.strings */,
				0F011DE02635FA9000AB7889 /* Constants.swift */,
			);
			path = GloboPlay;
			sourceTree = "<group>";
		};
		0F011D8C2635CF3300AB7889 /* GloboPlayTests */ = {
			isa = PBXGroup;
			children = (
				0F011D8D2635CF3300AB7889 /* GloboPlayTests.swift */,
				0F011D8F2635CF3300AB7889 /* Info.plist */,
			);
			path = GloboPlayTests;
			sourceTree = "<group>";
		};
		0F011D972635CF3300AB7889 /* GloboPlayUITests */ = {
			isa = PBXGroup;
			children = (
				0F011D982635CF3300AB7889 /* GloboPlayUITests.swift */,
				0F011D9A2635CF3300AB7889 /* Info.plist */,
			);
			path = GloboPlayUITests;
			sourceTree = "<group>";
		};
		0F011DBB2635DCAB00AB7889 /* View */ = {
			isa = PBXGroup;
			children = (
				0F011DBF2635DE7E00AB7889 /* Home.swift */,
				0F011DC42635DEA000AB7889 /* List.swift */,
			);
			path = View;
			sourceTree = "<group>";
		};
/* End PBXGroup section */

/* Begin PBXNativeTarget section */
		0F011D722635CF2D00AB7889 /* GloboPlay */ = {
			isa = PBXNativeTarget;
			buildConfigurationList = 0F011D9D2635CF3300AB7889 /* Build configuration list for PBXNativeTarget "GloboPlay" */;
			buildPhases = (
				0F011D6F2635CF2D00AB7889 /* Sources */,
				0F011D702635CF2D00AB7889 /* Frameworks */,
				0F011D712635CF2D00AB7889 /* Resources */,
			);
			buildRules = (
			);
			dependencies = (
			);
			name = GloboPlay;
			productName = GloboPlay;
			productReference = 0F011D732635CF2D00AB7889 /* GloboPlay.app */;
			productType = "com.apple.product-type.application";
		};
		0F011D882635CF3300AB7889 /* GloboPlayTests */ = {
			isa = PBXNativeTarget;
			buildConfigurationList = 0F011DA02635CF3300AB7889 /* Build configuration list for PBXNativeTarget "GloboPlayTests" */;
			buildPhases = (
				0F011D852635CF3300AB7889 /* Sources */,
				0F011D862635CF3300AB7889 /* Frameworks */,
				0F011D872635CF3300AB7889 /* Resources */,
			);
			buildRules = (
			);
			dependencies = (
				0F011D8B2635CF3300AB7889 /* PBXTargetDependency */,
			);
			name = GloboPlayTests;
			productName = GloboPlayTests;
			productReference = 0F011D892635CF3300AB7889 /* GloboPlayTests.xctest */;
			productType = "com.apple.product-type.bundle.unit-test";
		};
		0F011D932635CF3300AB7889 /* GloboPlayUITests */ = {
			isa = PBXNativeTarget;
			buildConfigurationList = 0F011DA32635CF3300AB7889 /* Build configuration list for PBXNativeTarget "GloboPlayUITests" */;
			buildPhases = (
				0F011D902635CF3300AB7889 /* Sources */,
				0F011D912635CF3300AB7889 /* Frameworks */,
				0F011D922635CF3300AB7889 /* Resources */,
			);
			buildRules = (
			);
			dependencies = (
				0F011D962635CF3300AB7889 /* PBXTargetDependency */,
			);
			name = GloboPlayUITests;
			productName = GloboPlayUITests;
			productReference = 0F011D942635CF3300AB7889 /* GloboPlayUITests.xctest */;
			productType = "com.apple.product-type.bundle.ui-testing";
		};
/* End PBXNativeTarget section */

/* Begin PBXProject section */
		0F011D6B2635CF2D00AB7889 /* Project object */ = {
			isa = PBXProject;
			attributes = {
				LastSwiftUpdateCheck = 1240;
				LastUpgradeCheck = 1240;
				TargetAttributes = {
					0F011D722635CF2D00AB7889 = {
						CreatedOnToolsVersion = 12.4;
					};
					0F011D882635CF3300AB7889 = {
						CreatedOnToolsVersion = 12.4;
						TestTargetID = 0F011D722635CF2D00AB7889;
					};
					0F011D932635CF3300AB7889 = {
						CreatedOnToolsVersion = 12.4;
						TestTargetID = 0F011D722635CF2D00AB7889;
					};
				};
			};
			buildConfigurationList = 0F011D6E2635CF2D00AB7889 /* Build configuration list for PBXProject "GloboPlay" */;
			compatibilityVersion = "Xcode 9.3";
			developmentRegion = en;
			hasScannedForEncodings = 0;
			knownRegions = (
				en,
				Base,
				"pt-BR",
			);
			mainGroup = 0F011D6A2635CF2D00AB7889;
			productRefGroup = 0F011D742635CF2D00AB7889 /* Products */;
			projectDirPath = "";
			projectRoot = "";
			targets = (
				0F011D722635CF2D00AB7889 /* GloboPlay */,
				0F011D882635CF3300AB7889 /* GloboPlayTests */,
				0F011D932635CF3300AB7889 /* GloboPlayUITests */,
			);
		};
/* End PBXProject section */

/* Begin PBXResourcesBuildPhase section */
		0F011D712635CF2D00AB7889 /* Resources */ = {
			isa = PBXResourcesBuildPhase;
			buildActionMask = 2147483647;
			files = (
				0F011D832635CF3200AB7889 /* LaunchScreen.storyboard in Resources */,
				0F011DD62635E16600AB7889 /* Localizable.strings in Resources */,
				0F011D802635CF3200AB7889 /* Assets.xcassets in Resources */,
				0F011D7E2635CF2D00AB7889 /* Main.storyboard in Resources */,
			);
			runOnlyForDeploymentPostprocessing = 0;
		};
		0F011D872635CF3300AB7889 /* Resources */ = {
			isa = PBXResourcesBuildPhase;
			buildActionMask = 2147483647;
			files = (
			);
			runOnlyForDeploymentPostprocessing = 0;
		};
		0F011D922635CF3300AB7889 /* Resources */ = {
			isa = PBXResourcesBuildPhase;
			buildActionMask = 2147483647;
			files = (
			);
			runOnlyForDeploymentPostprocessing = 0;
		};
/* End PBXResourcesBuildPhase section */

/* Begin PBXSourcesBuildPhase section */
		0F011D6F2635CF2D00AB7889 /* Sources */ = {
			isa = PBXSourcesBuildPhase;
			buildActionMask = 2147483647;
			files = (
				0F011D7B2635CF2D00AB7889 /* ViewController.swift in Sources */,
				0F011D772635CF2D00AB7889 /* AppDelegate.swift in Sources */,
				0F011DC02635DE7E00AB7889 /* Home.swift in Sources */,
				0F011DC52635DEA000AB7889 /* List.swift in Sources */,
				0F011D792635CF2D00AB7889 /* SceneDelegate.swift in Sources */,
				0F011DE12635FA9000AB7889 /* Constants.swift in Sources */,
			);
			runOnlyForDeploymentPostprocessing = 0;
		};
		0F011D852635CF3300AB7889 /* Sources */ = {
			isa = PBXSourcesBuildPhase;
			buildActionMask = 2147483647;
			files = (
				0F011D8E2635CF3300AB7889 /* GloboPlayTests.swift in Sources */,
			);
			runOnlyForDeploymentPostprocessing = 0;
		};
		0F011D902635CF3300AB7889 /* Sources */ = {
			isa = PBXSourcesBuildPhase;
			buildActionMask = 2147483647;
			files = (
				0F011D992635CF3300AB7889 /* GloboPlayUITests.swift in Sources */,
			);
			runOnlyForDeploymentPostprocessing = 0;
		};
/* End PBXSourcesBuildPhase section */

/* Begin PBXTargetDependency section */
		0F011D8B2635CF3300AB7889 /* PBXTargetDependency */ = {
			isa = PBXTargetDependency;
			target = 0F011D722635CF2D00AB7889 /* GloboPlay */;
			targetProxy = 0F011D8A2635CF3300AB7889 /* PBXContainerItemProxy */;
		};
		0F011D962635CF3300AB7889 /* PBXTargetDependency */ = {
			isa = PBXTargetDependency;
			target = 0F011D722635CF2D00AB7889 /* GloboPlay */;
			targetProxy = 0F011D952635CF3300AB7889 /* PBXContainerItemProxy */;
		};
/* End PBXTargetDependency section */

/* Begin PBXVariantGroup section */
		0F011D7C2635CF2D00AB7889 /* Main.storyboard */ = {
			isa = PBXVariantGroup;
			children = (
				0F011D7D2635CF2D00AB7889 /* Base */,
				0F011DC92635E0F300AB7889 /* pt-BR */,
			);
			name = Main.storyboard;
			sourceTree = "<group>";
		};
		0F011D812635CF3200AB7889 /* LaunchScreen.storyboard */ = {
			isa = PBXVariantGroup;
			children = (
				0F011D822635CF3200AB7889 /* Base */,
				0F011DCD2635E0F400AB7889 /* pt-BR */,
			);
			name = LaunchScreen.storyboard;
			sourceTree = "<group>";
		};
		0F011DD82635E16600AB7889 /* Localizable.strings */ = {
			isa = PBXVariantGroup;
			children = (
				0F011DD72635E16600AB7889 /* en */,
				0F011DDC2635E16E00AB7889 /* pt-BR */,
			);
			name = Localizable.strings;
			sourceTree = "<group>";
		};
/* End PBXVariantGroup section */

/* Begin XCBuildConfiguration section */
		0F011D9B2635CF3300AB7889 /* Debug */ = {
			isa = XCBuildConfiguration;
			buildSettings = {
				ALWAYS_SEARCH_USER_PATHS = NO;
				CLANG_ANALYZER_LOCALIZABILITY_NONLOCALIZED = YES;
				CLANG_ANALYZER_NONNULL = YES;
				CLANG_ANALYZER_NUMBER_OBJECT_CONVERSION = YES_AGGRESSIVE;
				CLANG_CXX_LANGUAGE_STANDARD = "gnu++14";
				CLANG_CXX_LIBRARY = "libc++";
				CLANG_ENABLE_MODULES = YES;
				CLANG_ENABLE_OBJC_ARC = YES;
				CLANG_ENABLE_OBJC_WEAK = YES;
				CLANG_WARN_BLOCK_CAPTURE_AUTORELEASING = YES;
				CLANG_WARN_BOOL_CONVERSION = YES;
				CLANG_WARN_COMMA = YES;
				CLANG_WARN_CONSTANT_CONVERSION = YES;
				CLANG_WARN_DEPRECATED_OBJC_IMPLEMENTATIONS = YES;
				CLANG_WARN_DIRECT_OBJC_ISA_USAGE = YES_ERROR;
				CLANG_WARN_DOCUMENTATION_COMMENTS = YES;
				CLANG_WARN_EMPTY_BODY = YES;
				CLANG_WARN_ENUM_CONVERSION = YES;
				CLANG_WARN_INFINITE_RECURSION = YES;
				CLANG_WARN_INT_CONVERSION = YES;
				CLANG_WARN_NON_LITERAL_NULL_CONVERSION = YES;
				CLANG_WARN_OBJC_IMPLICIT_RETAIN_SELF = YES;
				CLANG_WARN_OBJC_LITERAL_CONVERSION = YES;
				CLANG_WARN_OBJC_ROOT_CLASS = YES_ERROR;
				CLANG_WARN_QUOTED_INCLUDE_IN_FRAMEWORK_HEADER = YES;
				CLANG_WARN_RANGE_LOOP_ANALYSIS = YES;
				CLANG_WARN_STRICT_PROTOTYPES = YES;
				CLANG_WARN_SUSPICIOUS_MOVE = YES;
				CLANG_WARN_UNGUARDED_AVAILABILITY = YES_AGGRESSIVE;
				CLANG_WARN_UNREACHABLE_CODE = YES;
				CLANG_WARN__DUPLICATE_METHOD_MATCH = YES;
				COPY_PHASE_STRIP = NO;
				DEBUG_INFORMATION_FORMAT = dwarf;
				ENABLE_STRICT_OBJC_MSGSEND = YES;
				ENABLE_TESTABILITY = YES;
				GCC_C_LANGUAGE_STANDARD = gnu11;
				GCC_DYNAMIC_NO_PIC = NO;
				GCC_NO_COMMON_BLOCKS = YES;
				GCC_OPTIMIZATION_LEVEL = 0;
				GCC_PREPROCESSOR_DEFINITIONS = (
					"DEBUG=1",
					"$(inherited)",
				);
				GCC_WARN_64_TO_32_BIT_CONVERSION = YES;
				GCC_WARN_ABOUT_RETURN_TYPE = YES_ERROR;
				GCC_WARN_UNDECLARED_SELECTOR = YES;
				GCC_WARN_UNINITIALIZED_AUTOS = YES_AGGRESSIVE;
				GCC_WARN_UNUSED_FUNCTION = YES;
				GCC_WARN_UNUSED_VARIABLE = YES;
				IPHONEOS_DEPLOYMENT_TARGET = 14.4;
				MTL_ENABLE_DEBUG_INFO = INCLUDE_SOURCE;
				MTL_FAST_MATH = YES;
				ONLY_ACTIVE_ARCH = YES;
				SDKROOT = iphoneos;
				SWIFT_ACTIVE_COMPILATION_CONDITIONS = DEBUG;
				SWIFT_OPTIMIZATION_LEVEL = "-Onone";
			};
			name = Debug;
		};
		0F011D9C2635CF3300AB7889 /* Release */ = {
			isa = XCBuildConfiguration;
			buildSettings = {
				ALWAYS_SEARCH_USER_PATHS = NO;
				CLANG_ANALYZER_LOCALIZABILITY_NONLOCALIZED = YES;
				CLANG_ANALYZER_NONNULL = YES;
				CLANG_ANALYZER_NUMBER_OBJECT_CONVERSION = YES_AGGRESSIVE;
				CLANG_CXX_LANGUAGE_STANDARD = "gnu++14";
				CLANG_CXX_LIBRARY = "libc++";
				CLANG_ENABLE_MODULES = YES;
				CLANG_ENABLE_OBJC_ARC = YES;
				CLANG_ENABLE_OBJC_WEAK = YES;
				CLANG_WARN_BLOCK_CAPTURE_AUTORELEASING = YES;
				CLANG_WARN_BOOL_CONVERSION = YES;
				CLANG_WARN_COMMA = YES;
				CLANG_WARN_CONSTANT_CONVERSION = YES;
				CLANG_WARN_DEPRECATED_OBJC_IMPLEMENTATIONS = YES;
				CLANG_WARN_DIRECT_OBJC_ISA_USAGE = YES_ERROR;
				CLANG_WARN_DOCUMENTATION_COMMENTS = YES;
				CLANG_WARN_EMPTY_BODY = YES;
				CLANG_WARN_ENUM_CONVERSION = YES;
				CLANG_WARN_INFINITE_RECURSION = YES;
				CLANG_WARN_INT_CONVERSION = YES;
				CLANG_WARN_NON_LITERAL_NULL_CONVERSION = YES;
				CLANG_WARN_OBJC_IMPLICIT_RETAIN_SELF = YES;
				CLANG_WARN_OBJC_LITERAL_CONVERSION = YES;
				CLANG_WARN_OBJC_ROOT_CLASS = YES_ERROR;
				CLANG_WARN_QUOTED_INCLUDE_IN_FRAMEWORK_HEADER = YES;
				CLANG_WARN_RANGE_LOOP_ANALYSIS = YES;
				CLANG_WARN_STRICT_PROTOTYPES = YES;
				CLANG_WARN_SUSPICIOUS_MOVE = YES;
				CLANG_WARN_UNGUARDED_AVAILABILITY = YES_AGGRESSIVE;
				CLANG_WARN_UNREACHABLE_CODE = YES;
				CLANG_WARN__DUPLICATE_METHOD_MATCH = YES;
				COPY_PHASE_STRIP = NO;
				DEBUG_INFORMATION_FORMAT = "dwarf-with-dsym";
				ENABLE_NS_ASSERTIONS = NO;
				ENABLE_STRICT_OBJC_MSGSEND = YES;
				GCC_C_LANGUAGE_STANDARD = gnu11;
				GCC_NO_COMMON_BLOCKS = YES;
				GCC_WARN_64_TO_32_BIT_CONVERSION = YES;
				GCC_WARN_ABOUT_RETURN_TYPE = YES_ERROR;
				GCC_WARN_UNDECLARED_SELECTOR = YES;
				GCC_WARN_UNINITIALIZED_AUTOS = YES_AGGRESSIVE;
				GCC_WARN_UNUSED_FUNCTION = YES;
				GCC_WARN_UNUSED_VARIABLE = YES;
				IPHONEOS_DEPLOYMENT_TARGET = 14.4;
				MTL_ENABLE_DEBUG_INFO = NO;
				MTL_FAST_MATH = YES;
				SDKROOT = iphoneos;
				SWIFT_COMPILATION_MODE = wholemodule;
				SWIFT_OPTIMIZATION_LEVEL = "-O";
				VALIDATE_PRODUCT = YES;
			};
			name = Release;
		};
		0F011D9E2635CF3300AB7889 /* Debug */ = {
			isa = XCBuildConfiguration;
			buildSettings = {
				ASSETCATALOG_COMPILER_APPICON_NAME = AppIcon;
				ASSETCATALOG_COMPILER_GLOBAL_ACCENT_COLOR_NAME = AccentColor;
				CODE_SIGN_STYLE = Automatic;
				DEVELOPMENT_TEAM = H3V2LZ4MW4;
				INFOPLIST_FILE = GloboPlay/Info.plist;
				LD_RUNPATH_SEARCH_PATHS = (
					"$(inherited)",
					"@executable_path/Frameworks",
				);
				PRODUCT_BUNDLE_IDENTIFIER = com.liellison.GloboPlay;
				PRODUCT_NAME = "$(TARGET_NAME)";
				SWIFT_VERSION = 5.0;
				TARGETED_DEVICE_FAMILY = "1,2";
			};
			name = Debug;
		};
		0F011D9F2635CF3300AB7889 /* Release */ = {
			isa = XCBuildConfiguration;
			buildSettings = {
				ASSETCATALOG_COMPILER_APPICON_NAME = AppIcon;
				ASSETCATALOG_COMPILER_GLOBAL_ACCENT_COLOR_NAME = AccentColor;
				CODE_SIGN_STYLE = Automatic;
				DEVELOPMENT_TEAM = H3V2LZ4MW4;
				INFOPLIST_FILE = GloboPlay/Info.plist;
				LD_RUNPATH_SEARCH_PATHS = (
					"$(inherited)",
					"@executable_path/Frameworks",
				);
				PRODUCT_BUNDLE_IDENTIFIER = com.liellison.GloboPlay;
				PRODUCT_NAME = "$(TARGET_NAME)";
				SWIFT_VERSION = 5.0;
				TARGETED_DEVICE_FAMILY = "1,2";
			};
			name = Release;
		};
		0F011DA12635CF3300AB7889 /* Debug */ = {
			isa = XCBuildConfiguration;
			buildSettings = {
				ALWAYS_EMBED_SWIFT_STANDARD_LIBRARIES = YES;
				BUNDLE_LOADER = "$(TEST_HOST)";
				CODE_SIGN_STYLE = Automatic;
				DEVELOPMENT_TEAM = H3V2LZ4MW4;
				INFOPLIST_FILE = GloboPlayTests/Info.plist;
				IPHONEOS_DEPLOYMENT_TARGET = 14.4;
				LD_RUNPATH_SEARCH_PATHS = (
					"$(inherited)",
					"@executable_path/Frameworks",
					"@loader_path/Frameworks",
				);
				PRODUCT_BUNDLE_IDENTIFIER = com.liellison.GloboPlayTests;
				PRODUCT_NAME = "$(TARGET_NAME)";
				SWIFT_VERSION = 5.0;
				TARGETED_DEVICE_FAMILY = "1,2";
				TEST_HOST = "$(BUILT_PRODUCTS_DIR)/GloboPlay.app/GloboPlay";
			};
			name = Debug;
		};
		0F011DA22635CF3300AB7889 /* Release */ = {
			isa = XCBuildConfiguration;
			buildSettings = {
				ALWAYS_EMBED_SWIFT_STANDARD_LIBRARIES = YES;
				BUNDLE_LOADER = "$(TEST_HOST)";
				CODE_SIGN_STYLE = Automatic;
				DEVELOPMENT_TEAM = H3V2LZ4MW4;
				INFOPLIST_FILE = GloboPlayTests/Info.plist;
				IPHONEOS_DEPLOYMENT_TARGET = 14.4;
				LD_RUNPATH_SEARCH_PATHS = (
					"$(inherited)",
					"@executable_path/Frameworks",
					"@loader_path/Frameworks",
				);
				PRODUCT_BUNDLE_IDENTIFIER = com.liellison.GloboPlayTests;
				PRODUCT_NAME = "$(TARGET_NAME)";
				SWIFT_VERSION = 5.0;
				TARGETED_DEVICE_FAMILY = "1,2";
				TEST_HOST = "$(BUILT_PRODUCTS_DIR)/GloboPlay.app/GloboPlay";
			};
			name = Release;
		};
		0F011DA42635CF3300AB7889 /* Debug */ = {
			isa = XCBuildConfiguration;
			buildSettings = {
				ALWAYS_EMBED_SWIFT_STANDARD_LIBRARIES = YES;
				CODE_SIGN_STYLE = Automatic;
				DEVELOPMENT_TEAM = H3V2LZ4MW4;
				INFOPLIST_FILE = GloboPlayUITests/Info.plist;
				LD_RUNPATH_SEARCH_PATHS = (
					"$(inherited)",
					"@executable_path/Frameworks",
					"@loader_path/Frameworks",
				);
				PRODUCT_BUNDLE_IDENTIFIER = com.liellison.GloboPlayUITests;
				PRODUCT_NAME = "$(TARGET_NAME)";
				SWIFT_VERSION = 5.0;
				TARGETED_DEVICE_FAMILY = "1,2";
				TEST_TARGET_NAME = GloboPlay;
			};
			name = Debug;
		};
		0F011DA52635CF3300AB7889 /* Release */ = {
			isa = XCBuildConfiguration;
			buildSettings = {
				ALWAYS_EMBED_SWIFT_STANDARD_LIBRARIES = YES;
				CODE_SIGN_STYLE = Automatic;
				DEVELOPMENT_TEAM = H3V2LZ4MW4;
				INFOPLIST_FILE = GloboPlayUITests/Info.plist;
				LD_RUNPATH_SEARCH_PATHS = (
					"$(inherited)",
					"@executable_path/Frameworks",
					"@loader_path/Frameworks",
				);
				PRODUCT_BUNDLE_IDENTIFIER = com.liellison.GloboPlayUITests;
				PRODUCT_NAME = "$(TARGET_NAME)";
				SWIFT_VERSION = 5.0;
				TARGETED_DEVICE_FAMILY = "1,2";
				TEST_TARGET_NAME = GloboPlay;
			};
			name = Release;
		};
/* End XCBuildConfiguration section */

/* Begin XCConfigurationList section */
		0F011D6E2635CF2D00AB7889 /* Build configuration list for PBXProject "GloboPlay" */ = {
			isa = XCConfigurationList;
			buildConfigurations = (
				0F011D9B2635CF3300AB7889 /* Debug */,
				0F011D9C2635CF3300AB7889 /* Release */,
			);
			defaultConfigurationIsVisible = 0;
			defaultConfigurationName = Release;
		};
		0F011D9D2635CF3300AB7889 /* Build configuration list for PBXNativeTarget "GloboPlay" */ = {
			isa = XCConfigurationList;
			buildConfigurations = (
				0F011D9E2635CF3300AB7889 /* Debug */,
				0F011D9F2635CF3300AB7889 /* Release */,
			);
			defaultConfigurationIsVisible = 0;
			defaultConfigurationName = Release;
		};
		0F011DA02635CF3300AB7889 /* Build configuration list for PBXNativeTarget "GloboPlayTests" */ = {
			isa = XCConfigurationList;
			buildConfigurations = (
				0F011DA12635CF3300AB7889 /* Debug */,
				0F011DA22635CF3300AB7889 /* Release */,
			);
			defaultConfigurationIsVisible = 0;
			defaultConfigurationName = Release;
		};
		0F011DA32635CF3300AB7889 /* Build configuration list for PBXNativeTarget "GloboPlayUITests" */ = {
			isa = XCConfigurationList;
			buildConfigurations = (
				0F011DA42635CF3300AB7889 /* Debug */,
				0F011DA52635CF3300AB7889 /* Release */,
			);
			defaultConfigurationIsVisible = 0;
			defaultConfigurationName = Release;
		};
/* End XCConfigurationList section */
	};
	rootObject = 0F011D6B2635CF2D00AB7889 /* Project object */;
}
